
Microsoft Visual Studio Solution File, Format Version 12.00
# Visual Studio Version 16
VisualStudioVersion = 16.0.31702.278
MinimumVisualStudioVersion = 10.0.40219.1
Project("{8BC9CEB8-8B4A-11D0-8D11-00A0C91BC942}") = "ScummVMUniversal", "ScummVMUniversal\ScummVMUniversal.vcxproj", "{C5846C0A-C9F3-47C9-9CD5-8462B8772444}"
	ProjectSection(ProjectDependencies) = postProject
		{F24BCB09-B769-4AEA-AB4E-2C59978198E4} = {F24BCB09-B769-4AEA-AB4E-2C59978198E4}
		{84A30212-128E-45FE-9B24-BB6E5419C3FE} = {84A30212-128E-45FE-9B24-BB6E5419C3FE}
		{39EE6A13-D741-45B3-8BF3-89FD7821934E} = {39EE6A13-D741-45B3-8BF3-89FD7821934E}
		{F783B017-D11F-477F-A69D-9DFDA9703541} = {F783B017-D11F-477F-A69D-9DFDA9703541}
		{B72D091B-4E34-41E9-AE94-1B916F878F83} = {B72D091B-4E34-41E9-AE94-1B916F878F83}
		{2602E73C-23A5-4E6E-BB28-2D1E505E20CB} = {2602E73C-23A5-4E6E-BB28-2D1E505E20CB}
		{5F521E61-61F3-4D28-9C63-9612ADA5BC3B} = {5F521E61-61F3-4D28-9C63-9612ADA5BC3B}
		{AA76E472-71CC-44FC-B7C9-79ED711AF089} = {AA76E472-71CC-44FC-B7C9-79ED711AF089}
		{230D477E-AE77-46E5-B5E0-22B59AF156C0} = {230D477E-AE77-46E5-B5E0-22B59AF156C0}
		{749C93AA-F318-44EA-A353-99453923EBF4} = {749C93AA-F318-44EA-A353-99453923EBF4}
		{A6AD3ED7-89D4-4C6E-AABD-EA1C9F903096} = {A6AD3ED7-89D4-4C6E-AABD-EA1C9F903096}
		{C5B490E3-B587-465B-91E5-1F72C130BD8D} = {C5B490E3-B587-465B-91E5-1F72C130BD8D}
		{77CF0BF5-03B9-4035-AF29-E1B37E49594F} = {77CF0BF5-03B9-4035-AF29-E1B37E49594F}
		{C00A3DFC-1F3D-487F-B0C7-F7E02E159477} = {C00A3DFC-1F3D-487F-B0C7-F7E02E159477}
	EndProjectSection
EndProject
Project("{8BC9CEB8-8B4A-11D0-8D11-00A0C91BC942}") = "scummvm", "scummvm.vcxproj", "{39EE6A13-D741-45B3-8BF3-89FD7821934E}"
EndProject
Project("{8BC9CEB8-8B4A-11D0-8D11-00A0C91BC942}") = "scumm", "scumm.vcxproj", "{F24BCB09-B769-4AEA-AB4E-2C59978198E4}"
EndProject
Project("{8BC9CEB8-8B4A-11D0-8D11-00A0C91BC942}") = "sword1", "sword1.vcxproj", "{B72D091B-4E34-41E9-AE94-1B916F878F83}"
EndProject
Project("{8BC9CEB8-8B4A-11D0-8D11-00A0C91BC942}") = "sky", "sky.vcxproj", "{2602E73C-23A5-4E6E-BB28-2D1E505E20CB}"
EndProject
Project("{8BC9CEB8-8B4A-11D0-8D11-00A0C91BC942}") = "sword2", "sword2.vcxproj", "{230D477E-AE77-46E5-B5E0-22B59AF156C0}"
EndProject
Project("{8BC9CEB8-8B4A-11D0-8D11-00A0C91BC942}") = "queen", "queen.vcxproj", "{84A30212-128E-45FE-9B24-BB6E5419C3FE}"
EndProject
Project("{8BC9CEB8-8B4A-11D0-8D11-00A0C91BC942}") = "agi", "agi.vcxproj", "{C00A3DFC-1F3D-487F-B0C7-F7E02E159477}"
EndProject
Project("{8BC9CEB8-8B4A-11D0-8D11-00A0C91BC942}") = "agos", "agos.vcxproj", "{A6AD3ED7-89D4-4C6E-AABD-EA1C9F903096}"
EndProject
Project("{8BC9CEB8-8B4A-11D0-8D11-00A0C91BC942}") = "gob", "gob.vcxproj", "{F783B017-D11F-477F-A69D-9DFDA9703541}"
EndProject
Project("{8BC9CEB8-8B4A-11D0-8D11-00A0C91BC942}") = "kyra", "kyra.vcxproj", "{749C93AA-F318-44EA-A353-99453923EBF4}"
EndProject
Project("{8BC9CEB8-8B4A-11D0-8D11-00A0C91BC942}") = "lure", "lure.vcxproj", "{C5B490E3-B587-465B-91E5-1F72C130BD8D}"
EndProject
Project("{8BC9CEB8-8B4A-11D0-8D11-00A0C91BC942}") = "sci", "sci.vcxproj", "{77CF0BF5-03B9-4035-AF29-E1B37E49594F}"
EndProject
Project("{8BC9CEB8-8B4A-11D0-8D11-00A0C91BC942}") = "tinsel", "tinsel.vcxproj", "{5F521E61-61F3-4D28-9C63-9612ADA5BC3B}"
EndProject
Project("{8BC9CEB8-8B4A-11D0-8D11-00A0C91BC942}") = "toon", "toon.vcxproj", "{AA76E472-71CC-44FC-B7C9-79ED711AF089}"
EndProject
Global
	GlobalSection(SolutionConfigurationPlatforms) = preSolution
		Debug|ARM = Debug|ARM
		Debug|ARM64 = Debug|ARM64
		Debug|x64 = Debug|x64
		Debug|x86 = Debug|x86
		Release|ARM = Release|ARM
		Release|ARM64 = Release|ARM64
		Release|x64 = Release|x64
		Release|x86 = Release|x86
	EndGlobalSection
	GlobalSection(ProjectConfigurationPlatforms) = postSolution
		{C5846C0A-C9F3-47C9-9CD5-8462B8772444}.Debug|ARM.ActiveCfg = Debug|ARM
		{C5846C0A-C9F3-47C9-9CD5-8462B8772444}.Debug|ARM.Build.0 = Debug|ARM
		{C5846C0A-C9F3-47C9-9CD5-8462B8772444}.Debug|ARM.Deploy.0 = Debug|ARM
		{C5846C0A-C9F3-47C9-9CD5-8462B8772444}.Debug|ARM64.ActiveCfg = Debug|Win32
		{C5846C0A-C9F3-47C9-9CD5-8462B8772444}.Debug|x64.ActiveCfg = Debug|Win32
		{C5846C0A-C9F3-47C9-9CD5-8462B8772444}.Debug|x86.ActiveCfg = Debug|Win32
		{C5846C0A-C9F3-47C9-9CD5-8462B8772444}.Debug|x86.Build.0 = Debug|Win32
		{C5846C0A-C9F3-47C9-9CD5-8462B8772444}.Debug|x86.Deploy.0 = Debug|Win32
		{C5846C0A-C9F3-47C9-9CD5-8462B8772444}.Release|ARM.ActiveCfg = Release|ARM
		{C5846C0A-C9F3-47C9-9CD5-8462B8772444}.Release|ARM.Build.0 = Release|ARM
		{C5846C0A-C9F3-47C9-9CD5-8462B8772444}.Release|ARM.Deploy.0 = Release|ARM
		{C5846C0A-C9F3-47C9-9CD5-8462B8772444}.Release|ARM64.ActiveCfg = Release|Win32
		{C5846C0A-C9F3-47C9-9CD5-8462B8772444}.Release|x64.ActiveCfg = Release|Win32
		{C5846C0A-C9F3-47C9-9CD5-8462B8772444}.Release|x86.ActiveCfg = Release|Win32
		{C5846C0A-C9F3-47C9-9CD5-8462B8772444}.Release|x86.Build.0 = Release|Win32
		{C5846C0A-C9F3-47C9-9CD5-8462B8772444}.Release|x86.Deploy.0 = Release|Win32
		{39EE6A13-D741-45B3-8BF3-89FD7821934E}.Debug|ARM.ActiveCfg = Debug|ARM
		{39EE6A13-D741-45B3-8BF3-89FD7821934E}.Debug|ARM.Build.0 = Debug|ARM
		{39EE6A13-D741-45B3-8BF3-89FD7821934E}.Debug|ARM64.ActiveCfg = Debug|Win32
		{39EE6A13-D741-45B3-8BF3-89FD7821934E}.Debug|x64.ActiveCfg = Debug|Win32
		{39EE6A13-D741-45B3-8BF3-89FD7821934E}.Debug|x86.ActiveCfg = Debug|Win32
		{39EE6A13-D741-45B3-8BF3-89FD7821934E}.Debug|x86.Build.0 = Debug|Win32
		{39EE6A13-D741-45B3-8BF3-89FD7821934E}.Release|ARM.ActiveCfg = Release|ARM
		{39EE6A13-D741-45B3-8BF3-89FD7821934E}.Release|ARM.Build.0 = Release|ARM
		{39EE6A13-D741-45B3-8BF3-89FD7821934E}.Release|ARM64.ActiveCfg = Release|Win32
		{39EE6A13-D741-45B3-8BF3-89FD7821934E}.Release|x64.ActiveCfg = Release|Win32
		{39EE6A13-D741-45B3-8BF3-89FD7821934E}.Release|x86.ActiveCfg = Release|Win32
		{39EE6A13-D741-45B3-8BF3-89FD7821934E}.Release|x86.Build.0 = Release|Win32
		{F24BCB09-B769-4AEA-AB4E-2C59978198E4}.Debug|ARM.ActiveCfg = Debug|ARM
		{F24BCB09-B769-4AEA-AB4E-2C59978198E4}.Debug|ARM.Build.0 = Debug|ARM
		{F24BCB09-B769-4AEA-AB4E-2C59978198E4}.Debug|ARM64.ActiveCfg = Debug|Win32
		{F24BCB09-B769-4AEA-AB4E-2C59978198E4}.Debug|x64.ActiveCfg = Debug|Win32
		{F24BCB09-B769-4AEA-AB4E-2C59978198E4}.Debug|x86.ActiveCfg = Debug|Win32
		{F24BCB09-B769-4AEA-AB4E-2C59978198E4}.Debug|x86.Build.0 = Debug|Win32
		{F24BCB09-B769-4AEA-AB4E-2C59978198E4}.Release|ARM.ActiveCfg = Release|ARM
		{F24BCB09-B769-4AEA-AB4E-2C59978198E4}.Release|ARM.Build.0 = Release|ARM
		{F24BCB09-B769-4AEA-AB4E-2C59978198E4}.Release|ARM64.ActiveCfg = Release|Win32
		{F24BCB09-B769-4AEA-AB4E-2C59978198E4}.Release|x64.ActiveCfg = Release|Win32
		{F24BCB09-B769-4AEA-AB4E-2C59978198E4}.Release|x86.ActiveCfg = Release|Win32
		{F24BCB09-B769-4AEA-AB4E-2C59978198E4}.Release|x86.Build.0 = Release|Win32
		{B72D091B-4E34-41E9-AE94-1B916F878F83}.Debug|ARM.ActiveCfg = Debug|ARM
		{B72D091B-4E34-41E9-AE94-1B916F878F83}.Debug|ARM.Build.0 = Debug|ARM
		{B72D091B-4E34-41E9-AE94-1B916F878F83}.Debug|ARM.Deploy.0 = Debug|ARM
		{B72D091B-4E34-41E9-AE94-1B916F878F83}.Debug|ARM64.ActiveCfg = Debug|Win32
		{B72D091B-4E34-41E9-AE94-1B916F878F83}.Debug|x64.ActiveCfg = Debug|Win32
		{B72D091B-4E34-41E9-AE94-1B916F878F83}.Debug|x86.ActiveCfg = Debug|Win32
		{B72D091B-4E34-41E9-AE94-1B916F878F83}.Debug|x86.Build.0 = Debug|Win32
		{B72D091B-4E34-41E9-AE94-1B916F878F83}.Release|ARM.ActiveCfg = Release|ARM
		{B72D091B-4E34-41E9-AE94-1B916F878F83}.Release|ARM.Build.0 = Release|ARM
		{B72D091B-4E34-41E9-AE94-1B916F878F83}.Release|ARM64.ActiveCfg = Release|Win32
		{B72D091B-4E34-41E9-AE94-1B916F878F83}.Release|x64.ActiveCfg = Release|Win32
		{B72D091B-4E34-41E9-AE94-1B916F878F83}.Release|x86.ActiveCfg = Release|Win32
		{B72D091B-4E34-41E9-AE94-1B916F878F83}.Release|x86.Build.0 = Release|Win32
		{2602E73C-23A5-4E6E-BB28-2D1E505E20CB}.Debug|ARM.ActiveCfg = Debug|ARM
		{2602E73C-23A5-4E6E-BB28-2D1E505E20CB}.Debug|ARM.Build.0 = Debug|ARM
		{2602E73C-23A5-4E6E-BB28-2D1E505E20CB}.Debug|ARM64.ActiveCfg = Debug|Win32
		{2602E73C-23A5-4E6E-BB28-2D1E505E20CB}.Debug|x64.ActiveCfg = Debug|Win32
		{2602E73C-23A5-4E6E-BB28-2D1E505E20CB}.Debug|x86.ActiveCfg = Debug|Win32
		{2602E73C-23A5-4E6E-BB28-2D1E505E20CB}.Debug|x86.Build.0 = Debug|Win32
		{2602E73C-23A5-4E6E-BB28-2D1E505E20CB}.Release|ARM.ActiveCfg = Release|ARM
		{2602E73C-23A5-4E6E-BB28-2D1E505E20CB}.Release|ARM.Build.0 = Release|ARM
		{2602E73C-23A5-4E6E-BB28-2D1E505E20CB}.Release|ARM64.ActiveCfg = Release|Win32
		{2602E73C-23A5-4E6E-BB28-2D1E505E20CB}.Release|x64.ActiveCfg = Release|Win32
		{2602E73C-23A5-4E6E-BB28-2D1E505E20CB}.Release|x86.ActiveCfg = Release|Win32
		{2602E73C-23A5-4E6E-BB28-2D1E505E20CB}.Release|x86.Build.0 = Release|Win32
		{230D477E-AE77-46E5-B5E0-22B59AF156C0}.Debug|ARM.ActiveCfg = Debug|ARM
		{230D477E-AE77-46E5-B5E0-22B59AF156C0}.Debug|ARM.Build.0 = Debug|ARM
		{230D477E-AE77-46E5-B5E0-22B59AF156C0}.Debug|ARM64.ActiveCfg = Debug|Win32
		{230D477E-AE77-46E5-B5E0-22B59AF156C0}.Debug|x64.ActiveCfg = Debug|Win32
		{230D477E-AE77-46E5-B5E0-22B59AF156C0}.Debug|x86.ActiveCfg = Debug|Win32
		{230D477E-AE77-46E5-B5E0-22B59AF156C0}.Debug|x86.Build.0 = Debug|Win32
		{230D477E-AE77-46E5-B5E0-22B59AF156C0}.Release|ARM.ActiveCfg = Release|ARM
		{230D477E-AE77-46E5-B5E0-22B59AF156C0}.Release|ARM.Build.0 = Release|ARM
		{230D477E-AE77-46E5-B5E0-22B59AF156C0}.Release|ARM64.ActiveCfg = Release|Win32
		{230D477E-AE77-46E5-B5E0-22B59AF156C0}.Release|x64.ActiveCfg = Release|Win32
		{230D477E-AE77-46E5-B5E0-22B59AF156C0}.Release|x86.ActiveCfg = Release|Win32
		{230D477E-AE77-46E5-B5E0-22B59AF156C0}.Release|x86.Build.0 = Release|Win32
		{84A30212-128E-45FE-9B24-BB6E5419C3FE}.Debug|ARM.ActiveCfg = Debug|ARM
		{84A30212-128E-45FE-9B24-BB6E5419C3FE}.Debug|ARM.Build.0 = Debug|ARM
		{84A30212-128E-45FE-9B24-BB6E5419C3FE}.Debug|ARM64.ActiveCfg = Debug|Win32
		{84A30212-128E-45FE-9B24-BB6E5419C3FE}.Debug|x64.ActiveCfg = Debug|Win32
		{84A30212-128E-45FE-9B24-BB6E5419C3FE}.Debug|x86.ActiveCfg = Debug|Win32
		{84A30212-128E-45FE-9B24-BB6E5419C3FE}.Debug|x86.Build.0 = Debug|Win32
		{84A30212-128E-45FE-9B24-BB6E5419C3FE}.Release|ARM.ActiveCfg = Release|ARM
		{84A30212-128E-45FE-9B24-BB6E5419C3FE}.Release|ARM.Build.0 = Release|ARM
		{84A30212-128E-45FE-9B24-BB6E5419C3FE}.Release|ARM64.ActiveCfg = Release|Win32
		{84A30212-128E-45FE-9B24-BB6E5419C3FE}.Release|x64.ActiveCfg = Release|Win32
		{84A30212-128E-45FE-9B24-BB6E5419C3FE}.Release|x86.ActiveCfg = Release|Win32
		{84A30212-128E-45FE-9B24-BB6E5419C3FE}.Release|x86.Build.0 = Release|Win32
		{C00A3DFC-1F3D-487F-B0C7-F7E02E159477}.Debug|ARM.ActiveCfg = Debug|ARM
		{C00A3DFC-1F3D-487F-B0C7-F7E02E159477}.Debug|ARM.Build.0 = Debug|ARM
		{C00A3DFC-1F3D-487F-B0C7-F7E02E159477}.Debug|ARM64.ActiveCfg = Debug|Win32
		{C00A3DFC-1F3D-487F-B0C7-F7E02E159477}.Debug|x64.ActiveCfg = Debug|Win32
		{C00A3DFC-1F3D-487F-B0C7-F7E02E159477}.Debug|x86.ActiveCfg = Debug|Win32
		{C00A3DFC-1F3D-487F-B0C7-F7E02E159477}.Debug|x86.Build.0 = Debug|Win32
		{C00A3DFC-1F3D-487F-B0C7-F7E02E159477}.Release|ARM.ActiveCfg = Release|ARM
		{C00A3DFC-1F3D-487F-B0C7-F7E02E159477}.Release|ARM.Build.0 = Release|ARM
		{C00A3DFC-1F3D-487F-B0C7-F7E02E159477}.Release|ARM64.ActiveCfg = Release|Win32
		{C00A3DFC-1F3D-487F-B0C7-F7E02E159477}.Release|x64.ActiveCfg = Release|Win32
		{C00A3DFC-1F3D-487F-B0C7-F7E02E159477}.Release|x86.ActiveCfg = Release|Win32
		{C00A3DFC-1F3D-487F-B0C7-F7E02E159477}.Release|x86.Build.0 = Release|Win32
		{A6AD3ED7-89D4-4C6E-AABD-EA1C9F903096}.Debug|ARM.ActiveCfg = Debug|ARM
		{A6AD3ED7-89D4-4C6E-AABD-EA1C9F903096}.Debug|ARM.Build.0 = Debug|ARM
		{A6AD3ED7-89D4-4C6E-AABD-EA1C9F903096}.Debug|ARM64.ActiveCfg = Debug|Win32
		{A6AD3ED7-89D4-4C6E-AABD-EA1C9F903096}.Debug|x64.ActiveCfg = Debug|Win32
		{A6AD3ED7-89D4-4C6E-AABD-EA1C9F903096}.Debug|x86.ActiveCfg = Debug|Win32
		{A6AD3ED7-89D4-4C6E-AABD-EA1C9F903096}.Debug|x86.Build.0 = Debug|Win32
		{A6AD3ED7-89D4-4C6E-AABD-EA1C9F903096}.Release|ARM.ActiveCfg = Release|ARM
		{A6AD3ED7-89D4-4C6E-AABD-EA1C9F903096}.Release|ARM.Build.0 = Release|ARM
		{A6AD3ED7-89D4-4C6E-AABD-EA1C9F903096}.Release|ARM64.ActiveCfg = Release|Win32
		{A6AD3ED7-89D4-4C6E-AABD-EA1C9F903096}.Release|x64.ActiveCfg = Release|Win32
		{A6AD3ED7-89D4-4C6E-AABD-EA1C9F903096}.Release|x86.ActiveCfg = Release|Win32
		{A6AD3ED7-89D4-4C6E-AABD-EA1C9F903096}.Release|x86.Build.0 = Release|Win32
		{F783B017-D11F-477F-A69D-9DFDA9703541}.Debug|ARM.ActiveCfg = Debug|ARM
		{F783B017-D11F-477F-A69D-9DFDA9703541}.Debug|ARM.Build.0 = Debug|ARM
		{F783B017-D11F-477F-A69D-9DFDA9703541}.Debug|ARM64.ActiveCfg = Debug|Win32
		{F783B017-D11F-477F-A69D-9DFDA9703541}.Debug|x64.ActiveCfg = Debug|Win32
		{F783B017-D11F-477F-A69D-9DFDA9703541}.Debug|x86.ActiveCfg = Debug|Win32
		{F783B017-D11F-477F-A69D-9DFDA9703541}.Debug|x86.Build.0 = Debug|Win32
		{F783B017-D11F-477F-A69D-9DFDA9703541}.Release|ARM.ActiveCfg = Release|ARM
		{F783B017-D11F-477F-A69D-9DFDA9703541}.Release|ARM.Build.0 = Release|ARM
		{F783B017-D11F-477F-A69D-9DFDA9703541}.Release|ARM64.ActiveCfg = Release|Win32
		{F783B017-D11F-477F-A69D-9DFDA9703541}.Release|x64.ActiveCfg = Release|Win32
		{F783B017-D11F-477F-A69D-9DFDA9703541}.Release|x86.ActiveCfg = Release|Win32
		{F783B017-D11F-477F-A69D-9DFDA9703541}.Release|x86.Build.0 = Release|Win32
		{749C93AA-F318-44EA-A353-99453923EBF4}.Debug|ARM.ActiveCfg = Debug|ARM
		{749C93AA-F318-44EA-A353-99453923EBF4}.Debug|ARM.Build.0 = Debug|ARM
		{749C93AA-F318-44EA-A353-99453923EBF4}.Debug|ARM64.ActiveCfg = Debug|Win32
		{749C93AA-F318-44EA-A353-99453923EBF4}.Debug|x64.ActiveCfg = Debug|Win32
		{749C93AA-F318-44EA-A353-99453923EBF4}.Debug|x86.ActiveCfg = Debug|Win32
		{749C93AA-F318-44EA-A353-99453923EBF4}.Debug|x86.Build.0 = Debug|Win32
		{749C93AA-F318-44EA-A353-99453923EBF4}.Release|ARM.ActiveCfg = Release|ARM
		{749C93AA-F318-44EA-A353-99453923EBF4}.Release|ARM.Build.0 = Release|ARM
		{749C93AA-F318-44EA-A353-99453923EBF4}.Release|ARM64.ActiveCfg = Release|Win32
		{749C93AA-F318-44EA-A353-99453923EBF4}.Release|x64.ActiveCfg = Release|Win32
		{749C93AA-F318-44EA-A353-99453923EBF4}.Release|x86.ActiveCfg = Release|Win32
		{749C93AA-F318-44EA-A353-99453923EBF4}.Release|x86.Build.0 = Release|Win32
		{C5B490E3-B587-465B-91E5-1F72C130BD8D}.Debug|ARM.ActiveCfg = Debug|ARM
		{C5B490E3-B587-465B-91E5-1F72C130BD8D}.Debug|ARM.Build.0 = Debug|ARM
		{C5B490E3-B587-465B-91E5-1F72C130BD8D}.Debug|ARM64.ActiveCfg = Debug|Win32
		{C5B490E3-B587-465B-91E5-1F72C130BD8D}.Debug|x64.ActiveCfg = Debug|Win32
		{C5B490E3-B587-465B-91E5-1F72C130BD8D}.Debug|x86.ActiveCfg = Debug|Win32
		{C5B490E3-B587-465B-91E5-1F72C130BD8D}.Debug|x86.Build.0 = Debug|Win32
		{C5B490E3-B587-465B-91E5-1F72C130BD8D}.Release|ARM.ActiveCfg = Release|ARM
		{C5B490E3-B587-465B-91E5-1F72C130BD8D}.Release|ARM.Build.0 = Release|ARM
		{C5B490E3-B587-465B-91E5-1F72C130BD8D}.Release|ARM64.ActiveCfg = Release|Win32
		{C5B490E3-B587-465B-91E5-1F72C130BD8D}.Release|x64.ActiveCfg = Release|Win32
		{C5B490E3-B587-465B-91E5-1F72C130BD8D}.Release|x86.ActiveCfg = Release|Win32
		{C5B490E3-B587-465B-91E5-1F72C130BD8D}.Release|x86.Build.0 = Release|Win32
		{77CF0BF5-03B9-4035-AF29-E1B37E49594F}.Debug|ARM.ActiveCfg = Debug|ARM
		{77CF0BF5-03B9-4035-AF29-E1B37E49594F}.Debug|ARM.Build.0 = Debug|ARM
		{77CF0BF5-03B9-4035-AF29-E1B37E49594F}.Debug|ARM64.ActiveCfg = Debug|Win32
		{77CF0BF5-03B9-4035-AF29-E1B37E49594F}.Debug|x64.ActiveCfg = Debug|Win32
		{77CF0BF5-03B9-4035-AF29-E1B37E49594F}.Debug|x86.ActiveCfg = Debug|Win32
		{77CF0BF5-03B9-4035-AF29-E1B37E49594F}.Debug|x86.Build.0 = Debug|Win32
		{77CF0BF5-03B9-4035-AF29-E1B37E49594F}.Release|ARM.ActiveCfg = Release|ARM
		{77CF0BF5-03B9-4035-AF29-E1B37E49594F}.Release|ARM.Build.0 = Release|ARM
		{77CF0BF5-03B9-4035-AF29-E1B37E49594F}.Release|ARM64.ActiveCfg = Release|Win32
		{77CF0BF5-03B9-4035-AF29-E1B37E49594F}.Release|x64.ActiveCfg = Release|Win32
		{77CF0BF5-03B9-4035-AF29-E1B37E49594F}.Release|x86.ActiveCfg = Release|Win32
		{77CF0BF5-03B9-4035-AF29-E1B37E49594F}.Release|x86.Build.0 = Release|Win32
		{5F521E61-61F3-4D28-9C63-9612ADA5BC3B}.Debug|ARM.ActiveCfg = Debug|ARM
		{5F521E61-61F3-4D28-9C63-9612ADA5BC3B}.Debug|ARM.Build.0 = Debug|ARM
		{5F521E61-61F3-4D28-9C63-9612ADA5BC3B}.Debug|ARM64.ActiveCfg = Debug|Win32
		{5F521E61-61F3-4D28-9C63-9612ADA5BC3B}.Debug|x64.ActiveCfg = Debug|Win32
		{5F521E61-61F3-4D28-9C63-9612ADA5BC3B}.Debug|x86.ActiveCfg = Debug|Win32
		{5F521E61-61F3-4D28-9C63-9612ADA5BC3B}.Debug|x86.Build.0 = Debug|Win32
		{5F521E61-61F3-4D28-9C63-9612ADA5BC3B}.Release|ARM.ActiveCfg = Release|ARM
		{5F521E61-61F3-4D28-9C63-9612ADA5BC3B}.Release|ARM.Build.0 = Release|ARM
		{5F521E61-61F3-4D28-9C63-9612ADA5BC3B}.Release|ARM64.ActiveCfg = Release|Win32
		{5F521E61-61F3-4D28-9C63-9612ADA5BC3B}.Release|x64.ActiveCfg = Release|Win32
		{5F521E61-61F3-4D28-9C63-9612ADA5BC3B}.Release|x86.ActiveCfg = Release|Win32
		{5F521E61-61F3-4D28-9C63-9612ADA5BC3B}.Release|x86.Build.0 = Release|Win32
		{AA76E472-71CC-44FC-B7C9-79ED711AF089}.Debug|ARM.ActiveCfg = Debug|ARM
		{AA76E472-71CC-44FC-B7C9-79ED711AF089}.Debug|ARM.Build.0 = Debug|ARM
		{AA76E472-71CC-44FC-B7C9-79ED711AF089}.Debug|ARM64.ActiveCfg = Debug|Win32
		{AA76E472-71CC-44FC-B7C9-79ED711AF089}.Debug|x64.ActiveCfg = Debug|Win32
		{AA76E472-71CC-44FC-B7C9-79ED711AF089}.Debug|x86.ActiveCfg = Debug|Win32
		{AA76E472-71CC-44FC-B7C9-79ED711AF089}.Debug|x86.Build.0 = Debug|Win32
		{AA76E472-71CC-44FC-B7C9-79ED711AF089}.Release|ARM.ActiveCfg = Release|ARM
		{AA76E472-71CC-44FC-B7C9-79ED711AF089}.Release|ARM.Build.0 = Release|ARM
		{AA76E472-71CC-44FC-B7C9-79ED711AF089}.Release|ARM64.ActiveCfg = Release|Win32
		{AA76E472-71CC-44FC-B7C9-79ED711AF089}.Release|x64.ActiveCfg = Release|Win32
		{AA76E472-71CC-44FC-B7C9-79ED711AF089}.Release|x86.ActiveCfg = Release|Win32
		{AA76E472-71CC-44FC-B7C9-79ED711AF089}.Release|x86.Build.0 = Release|Win32
	EndGlobalSection
	GlobalSection(SolutionProperties) = preSolution
		HideSolutionNode = FALSE
	EndGlobalSection
	GlobalSection(ExtensibilityGlobals) = postSolution
		SolutionGuid = {CCD44404-8E4B-47DE-850A-1A9C08E31FF8}
	EndGlobalSection
EndGlobal
