<?xml version="1.0" encoding="utf-8"?>
<Project ToolsVersion="4.0" xmlns="http://schemas.microsoft.com/developer/msbuild/2003">
  <ItemGroup>
    <Filter Include="Assets">
      <UniqueIdentifier>34d55cf7-665c-4cfb-b13d-3639f3a05c8f</UniqueIdentifier>
      <Extensions>bmp;fbx;gif;jpg;jpeg;tga;tiff;tif;png</Extensions>
    </Filter>
    <Image Include="Assets\Logo.scale-100.png">
      <Filter>Assets</Filter>
    </Image>
    <Image Include="Assets\SmallLogo.scale-100.png">
      <Filter>Assets</Filter>
    </Image>
    <Image Include="Assets\StoreLogo.scale-100.png">
      <Filter>Assets</Filter>
    </Image>
    <Image Include="Assets\SplashScreen.scale-100.png">
      <Filter>Assets</Filter>
    </Image>
    <Filter Include="backend">
      <UniqueIdentifier>{7d9f7177-8092-4820-be2d-4c68f3318cf1}</UniqueIdentifier>
    </Filter>
    <Filter Include="Assets\themes">
      <UniqueIdentifier>{b553a220-7f96-4574-8a1e-0be1089dceaf}</UniqueIdentifier>
    </Filter>
    <Filter Include="Assets\vkeybd">
      <UniqueIdentifier>{e447c674-ec65-4b70-9ec8-b900b411febc}</UniqueIdentifier>
    </Filter>
  </ItemGroup>
  <ItemGroup>
    <AppxManifest Include="Package.appxmanifest" />
  </ItemGroup>
  <ItemGroup>
    <None Include="ScummVMUniversal_TemporaryKey.pfx" />
    <None Include="cursor1.cur" />
    <None Include="Assets\vkeybd\vkeybd_default.zip">
      <Filter>Assets\vkeybd</Filter>
    </None>
    <None Include="Assets\vkeybd\vkeybd_small.zip">
      <Filter>Assets\vkeybd</Filter>
    </None>
    <None Include="Assets\themes\translations.dat">
      <Filter>Assets</Filter>
    </None>
    <None Include="Assets\themes\scummmodern.zip">
      <Filter>Assets\themes</Filter>
    </None>
    <None Include="Assets\themes\scummclassic.zip">
      <Filter>Assets\themes</Filter>
    </None>
    <None Include="SDL2.dll" />
  </ItemGroup>
  <ItemGroup>
    <ClCompile Include="..\..\..\backends\platform\sdl\winuwp\winuwp.cpp">
      <Filter>backend</Filter>
    </ClCompile>
    <ClCompile Include="..\..\..\backends\fs\winuwp\winuwp-fs.cpp">
      <Filter>backend</Filter>
    </ClCompile>
    <ClCompile Include="..\..\..\backends\fs\winuwp\winuwp-fs-factory.cpp">
      <Filter>backend</Filter>
    </ClCompile>
    <ClCompile Include="..\..\..\backends\platform\sdl\winuwp\winuwp-main.cpp">
      <Filter>backend</Filter>
    </ClCompile>
    <ClCompile Include="..\..\..\backends\platform\sdl\winuwp\winuwp-gesture.cpp">
      <Filter>backend</Filter>
    </ClCompile>
    <ClCompile Include="..\..\..\backends\fs\winuwp\winuwp-stream.cpp">
      <Filter>backend</Filter>
    </ClCompile>
  </ItemGroup>
  <ItemGroup>
    <ClInclude Include="resource.h" />
    <ClInclude Include="..\..\..\backends\platform\sdl\winuwp\portdefs.h" />
    <ClInclude Include="..\..\..\backends\platform\sdl\winuwp\winuwp.h">
      <Filter>backend</Filter>
    </ClInclude>
    <ClInclude Include="..\..\..\backends\fs\winuwp\winuwp-fs.h">
      <Filter>backend</Filter>
    </ClInclude>
    <ClInclude Include="..\..\..\backends\fs\winuwp\winuwp-fs-factory.h">
      <Filter>backend</Filter>
    </ClInclude>
    <ClInclude Include="..\..\..\backends\platform\sdl\winuwp\winuwp-gesture.h">
      <Filter>backend</Filter>
    </ClInclude>
    <ClInclude Include="..\..\..\backends\fs\winuwp\winuwp-stream.h">
      <Filter>backend</Filter>
    </ClInclude>
  </ItemGroup>
  <ItemGroup>
    <ResourceCompile Include="ScummVMUniversal.rc" />
  </ItemGroup>
  <ItemGroup>
    <Image Include="Assets\SplashScreen.scale-400.png">
      <Filter>Assets</Filter>
    </Image>
    <Image Include="Assets\SplashScreen.scale-200.png">
      <Filter>Assets</Filter>
    </Image>
    <Image Include="Assets\Logo.scale-200.png">
      <Filter>Assets</Filter>
    </Image>
    <Image Include="Assets\Logo.scale-400.png">
      <Filter>Assets</Filter>
    </Image>
    <Image Include="Assets\SmallLogo.scale-400.png">
      <Filter>Assets</Filter>
    </Image>
    <Image Include="Assets\SmallLogo.scale-200.png">
      <Filter>Assets</Filter>
    </Image>
    <Image Include="Assets\WideLogo.scale-100.png">
      <Filter>Assets</Filter>
    </Image>
    <Image Include="Assets\WideLogo.scale-200.png">
      <Filter>Assets</Filter>
    </Image>
    <Image Include="Assets\WideLogo.scale-400.png">
      <Filter>Assets</Filter>
    </Image>
    <Image Include="Assets\StoreLogo.scale-400.png">
      <Filter>Assets</Filter>
    </Image>
    <Image Include="Assets\StoreLogo.scale-200.png">
      <Filter>Assets</Filter>
    </Image>
    <Image Include="Assets\SmallLogo.scale-125.png">
      <Filter>Assets</Filter>
    </Image>
    <Image Include="Assets\SmallLogo.scale-150.png">
      <Filter>Assets</Filter>
    </Image>
    <Image Include="Assets\SmallLogo.targetsize-16.png">
      <Filter>Assets</Filter>
    </Image>
    <Image Include="Assets\SmallLogo.targetsize-24.png">
      <Filter>Assets</Filter>
    </Image>
    <Image Include="Assets\SmallLogo.targetsize-32.png">
      <Filter>Assets</Filter>
    </Image>
    <Image Include="Assets\SmallLogo.targetsize-48.png">
      <Filter>Assets</Filter>
    </Image>
    <Image Include="Assets\SmallLogo.targetsize-256.png">
      <Filter>Assets</Filter>
    </Image>
    <Image Include="Assets\SmallLogo.altform-unplated_targetsize-16.png">
      <Filter>Assets</Filter>
    </Image>
    <Image Include="Assets\SmallLogo.altform-unplated_targetsize-24.png">
      <Filter>Assets</Filter>
    </Image>
    <Image Include="Assets\SmallLogo.altform-unplated_targetsize-32.png">
      <Filter>Assets</Filter>
    </Image>
    <Image Include="Assets\SmallLogo.altform-unplated_targetsize-48.png">
      <Filter>Assets</Filter>
    </Image>
    <Image Include="Assets\SmallLogo.altform-unplated_targetsize-256.png">
      <Filter>Assets</Filter>
    </Image>
    <Image Include="Assets\Square44x44Logo.scale-100.png">
      <Filter>Assets</Filter>
    </Image>
    <Image Include="Assets\Square44x44Logo.scale-125.png">
      <Filter>Assets</Filter>
    </Image>
    <Image Include="Assets\Square44x44Logo.scale-150.png">
      <Filter>Assets</Filter>
    </Image>
    <Image Include="Assets\Square44x44Logo.scale-200.png">
      <Filter>Assets</Filter>
    </Image>
    <Image Include="Assets\Square44x44Logo.scale-400.png">
      <Filter>Assets</Filter>
    </Image>
    <Image Include="Assets\Square44x44Logo.targetsize-16.png">
      <Filter>Assets</Filter>
    </Image>
    <Image Include="Assets\Square44x44Logo.targetsize-24.png">
      <Filter>Assets</Filter>
    </Image>
    <Image Include="Assets\Square44x44Logo.targetsize-32.png">
      <Filter>Assets</Filter>
    </Image>
    <Image Include="Assets\Square44x44Logo.targetsize-48.png">
      <Filter>Assets</Filter>
    </Image>
    <Image Include="Assets\Square44x44Logo.targetsize-256.png">
      <Filter>Assets</Filter>
    </Image>
    <Image Include="Assets\Square44x44Logo.altform-unplated_targetsize-16.png">
      <Filter>Assets</Filter>
    </Image>
    <Image Include="Assets\Square44x44Logo.altform-unplated_targetsize-24.png">
      <Filter>Assets</Filter>
    </Image>
    <Image Include="Assets\Square44x44Logo.altform-unplated_targetsize-32.png">
      <Filter>Assets</Filter>
    </Image>
    <Image Include="Assets\Square44x44Logo.altform-unplated_targetsize-48.png">
      <Filter>Assets</Filter>
    </Image>
    <Image Include="Assets\Square44x44Logo.altform-unplated_targetsize-256.png">
      <Filter>Assets</Filter>
    </Image>
    <Image Include="Assets\SmallTile.scale-100.png">
      <Filter>Assets</Filter>
    </Image>
    <Image Include="Assets\SmallTile.scale-125.png">
      <Filter>Assets</Filter>
    </Image>
    <Image Include="Assets\SmallTile.scale-150.png">
      <Filter>Assets</Filter>
    </Image>
    <Image Include="Assets\SmallTile.scale-200.png">
      <Filter>Assets</Filter>
    </Image>
    <Image Include="Assets\SmallTile.scale-400.png">
      <Filter>Assets</Filter>
    </Image>
    <Image Include="Assets\Square150x150Logo.scale-100.png">
      <Filter>Assets</Filter>
    </Image>
    <Image Include="Assets\Square150x150Logo.scale-125.png">
      <Filter>Assets</Filter>
    </Image>
    <Image Include="Assets\Square150x150Logo.scale-150.png">
      <Filter>Assets</Filter>
    </Image>
    <Image Include="Assets\Square150x150Logo.scale-200.png">
      <Filter>Assets</Filter>
    </Image>
    <Image Include="Assets\Square150x150Logo.scale-400.png">
      <Filter>Assets</Filter>
    </Image>
    <Image Include="Assets\Wide310x150Logo.scale-100.png">
      <Filter>Assets</Filter>
    </Image>
    <Image Include="Assets\Wide310x150Logo.scale-125.png">
      <Filter>Assets</Filter>
    </Image>
    <Image Include="Assets\Wide310x150Logo.scale-150.png">
      <Filter>Assets</Filter>
    </Image>
    <Image Include="Assets\Wide310x150Logo.scale-200.png">
      <Filter>Assets</Filter>
    </Image>
    <Image Include="Assets\Wide310x150Logo.scale-400.png">
      <Filter>Assets</Filter>
    </Image>
    <Image Include="Assets\LargeTile.scale-100.png">
      <Filter>Assets</Filter>
    </Image>
    <Image Include="Assets\LargeTile.scale-125.png">
      <Filter>Assets</Filter>
    </Image>
    <Image Include="Assets\LargeTile.scale-150.png">
      <Filter>Assets</Filter>
    </Image>
    <Image Include="Assets\LargeTile.scale-200.png">
      <Filter>Assets</Filter>
    </Image>
    <Image Include="Assets\LargeTile.scale-400.png">
      <Filter>Assets</Filter>
    </Image>
  </ItemGroup>
  <ItemGroup>
    <Xml Include="Assets\vkeybd\vkeybd_default.xml">
      <Filter>Assets\vkeybd</Filter>
    </Xml>
  </ItemGroup>
</Project>